
Microsoft Visual Studio Solution File, Format Version 12.00
# Visual Studio Version 17
VisualStudioVersion = 17.6.33723.286
MinimumVisualStudioVersion = 10.0.40219.1
Project("{9A19103F-16F7-4668-BE54-9A1E7A4F7556}") = "OnlineShopBackend", "OnlineShopBackend\OnlineShopBackend.csproj", "{DFE098BC-F003-4D15-BA70-441F04681881}"
EndProject
Project("{9A19103F-16F7-4668-BE54-9A1E7A4F7556}") = "OnlineShopFrontend", "MudBlazorOnlineShop\OnlineShopFrontend.csproj", "{94E1FDD5-DC28-48CB-85FC-AFA38D01EA80}"
EndProject
Global
	GlobalSection(SolutionConfigurationPlatforms) = preSolution
		Debug|Any CPU = Debug|Any CPU
		Release|Any CPU = Release|Any CPU
	EndGlobalSection
	GlobalSection(ProjectConfigurationPlatforms) = postSolution
		{DFE098BC-F003-4D15-BA70-441F04681881}.Debug|Any CPU.ActiveCfg = Debug|Any CPU
		{DFE098BC-F003-4D15-BA70-441F04681881}.Debug|Any CPU.Build.0 = Debug|Any CPU
		{DFE098BC-F003-4D15-BA70-441F04681881}.Release|Any CPU.ActiveCfg = Release|Any CPU
		{DFE098BC-F003-4D15-BA70-441F04681881}.Release|Any CPU.Build.0 = Release|Any CPU
		{94E1FDD5-DC28-48CB-85FC-AFA38D01EA80}.Debug|Any CPU.ActiveCfg = Debug|Any CPU
		{94E1FDD5-DC28-48CB-85FC-AFA38D01EA80}.Debug|Any CPU.Build.0 = Debug|Any CPU
		{94E1FDD5-DC28-48CB-85FC-AFA38D01EA80}.Release|Any CPU.ActiveCfg = Release|Any CPU
		{94E1FDD5-DC28-48CB-85FC-AFA38D01EA80}.Release|Any CPU.Build.0 = Release|Any CPU
	EndGlobalSection
	GlobalSection(SolutionProperties) = preSolution
		HideSolutionNode = FALSE
	EndGlobalSection
	GlobalSection(ExtensibilityGlobals) = postSolution
		SolutionGuid = {23BB6DE6-DAC9-4B7B-B480-ED99A8BA5821}
	EndGlobalSection
EndGlobal
