
Microsoft Visual Studio Solution File, Format Version 12.00
# Visual Studio Version 17
VisualStudioVersion = 17.6.33723.286
MinimumVisualStudioVersion = 10.0.40219.1
Project("{9A19103F-16F7-4668-BE54-9A1E7A4F7556}") = "OnlineShop.WebApi", "backend\OnlineShop.WebApi\OnlineShop.WebApi.csproj", "{DFE098BC-F003-4D15-BA70-441F04681881}"
EndProject
Project("{9A19103F-16F7-4668-BE54-9A1E7A4F7556}") = "OnlineShop.Frontend", "frontend\OnlineShop.Frontend\OnlineShop.Frontend.csproj", "{94E1FDD5-DC28-48CB-85FC-AFA38D01EA80}"
EndProject
Project("{9A19103F-16F7-4668-BE54-9A1E7A4F7556}") = "OnlineShop.HttpApiClient", "frontend\OnlineShop.HttpApiClient\OnlineShop.HttpApiClient.csproj", "{E2268AA6-5468-4C9C-804E-5E9863345001}"
EndProject
Project("{9A19103F-16F7-4668-BE54-9A1E7A4F7556}") = "OnlineShop.HttpModels", "shared\OnlineShop.HttpModels\OnlineShop.HttpModels.csproj", "{7334F9A9-BFDE-439C-90EC-8132C8E27B1C}"
EndProject
Project("{9A19103F-16F7-4668-BE54-9A1E7A4F7556}") = "OnlineShop.Domain", "backend\OnlineShop.Domain\OnlineShop.Domain.csproj", "{3F3E15C9-6531-4545-8BAA-D0E9C717661E}"
EndProject
Project("{2150E333-8FDC-42A3-9474-1A3956D46DE8}") = "backend", "backend", "{1954359F-4DEE-484B-BFEE-852131EAC6EF}"
EndProject
Project("{2150E333-8FDC-42A3-9474-1A3956D46DE8}") = "frontend", "frontend", "{516A57FD-BBA4-4465-872C-63DED08BD706}"
EndProject
Project("{2150E333-8FDC-42A3-9474-1A3956D46DE8}") = "shared", "shared", "{F90121F9-0AA1-4E1B-ACD8-B21FB07CCFA6}"
EndProject
Project("{9A19103F-16F7-4668-BE54-9A1E7A4F7556}") = "OnlineShop.Data.EntityFramework", "backend\OnlineShop.Data.EntityFramework\OnlineShop.Data.EntityFramework.csproj", "{295DC485-C32D-4007-90F9-747400A4E9ED}"
EndProject
Project("{2150E333-8FDC-42A3-9474-1A3956D46DE8}") = "infrastructure", "infrastructure", "{6C49117C-73E6-4FA8-A80D-0BBF4244F0AF}"
EndProject
Project("{9A19103F-16F7-4668-BE54-9A1E7A4F7556}") = "IdentityPasswordHasherLib", "backend\IdentityPasswordHasherLib\IdentityPasswordHasherLib.csproj", "{6B01ADEE-D7FC-4DB7-A071-E34521D2F414}"
EndProject
Project("{2150E333-8FDC-42A3-9474-1A3956D46DE8}") = "application", "application", "{A9CC519F-70EC-4F09-9858-63C40E603FEF}"
EndProject
Global
	GlobalSection(SolutionConfigurationPlatforms) = preSolution
		Debug|Any CPU = Debug|Any CPU
		Release|Any CPU = Release|Any CPU
	EndGlobalSection
	GlobalSection(ProjectConfigurationPlatforms) = postSolution
		{DFE098BC-F003-4D15-BA70-441F04681881}.Debug|Any CPU.ActiveCfg = Debug|Any CPU
		{DFE098BC-F003-4D15-BA70-441F04681881}.Debug|Any CPU.Build.0 = Debug|Any CPU
		{DFE098BC-F003-4D15-BA70-441F04681881}.Release|Any CPU.ActiveCfg = Release|Any CPU
		{DFE098BC-F003-4D15-BA70-441F04681881}.Release|Any CPU.Build.0 = Release|Any CPU
		{94E1FDD5-DC28-48CB-85FC-AFA38D01EA80}.Debug|Any CPU.ActiveCfg = Debug|Any CPU
		{94E1FDD5-DC28-48CB-85FC-AFA38D01EA80}.Debug|Any CPU.Build.0 = Debug|Any CPU
		{94E1FDD5-DC28-48CB-85FC-AFA38D01EA80}.Release|Any CPU.ActiveCfg = Release|Any CPU
		{94E1FDD5-DC28-48CB-85FC-AFA38D01EA80}.Release|Any CPU.Build.0 = Release|Any CPU
		{E2268AA6-5468-4C9C-804E-5E9863345001}.Debug|Any CPU.ActiveCfg = Debug|Any CPU
		{E2268AA6-5468-4C9C-804E-5E9863345001}.Debug|Any CPU.Build.0 = Debug|Any CPU
		{E2268AA6-5468-4C9C-804E-5E9863345001}.Release|Any CPU.ActiveCfg = Release|Any CPU
		{E2268AA6-5468-4C9C-804E-5E9863345001}.Release|Any CPU.Build.0 = Release|Any CPU
		{7334F9A9-BFDE-439C-90EC-8132C8E27B1C}.Debug|Any CPU.ActiveCfg = Debug|Any CPU
		{7334F9A9-BFDE-439C-90EC-8132C8E27B1C}.Debug|Any CPU.Build.0 = Debug|Any CPU
		{7334F9A9-BFDE-439C-90EC-8132C8E27B1C}.Release|Any CPU.ActiveCfg = Release|Any CPU
		{7334F9A9-BFDE-439C-90EC-8132C8E27B1C}.Release|Any CPU.Build.0 = Release|Any CPU
		{3F3E15C9-6531-4545-8BAA-D0E9C717661E}.Debug|Any CPU.ActiveCfg = Debug|Any CPU
		{3F3E15C9-6531-4545-8BAA-D0E9C717661E}.Debug|Any CPU.Build.0 = Debug|Any CPU
		{3F3E15C9-6531-4545-8BAA-D0E9C717661E}.Release|Any CPU.ActiveCfg = Release|Any CPU
		{3F3E15C9-6531-4545-8BAA-D0E9C717661E}.Release|Any CPU.Build.0 = Release|Any CPU
		{295DC485-C32D-4007-90F9-747400A4E9ED}.Debug|Any CPU.ActiveCfg = Debug|Any CPU
		{295DC485-C32D-4007-90F9-747400A4E9ED}.Debug|Any CPU.Build.0 = Debug|Any CPU
		{295DC485-C32D-4007-90F9-747400A4E9ED}.Release|Any CPU.ActiveCfg = Release|Any CPU
		{295DC485-C32D-4007-90F9-747400A4E9ED}.Release|Any CPU.Build.0 = Release|Any CPU
		{6B01ADEE-D7FC-4DB7-A071-E34521D2F414}.Debug|Any CPU.ActiveCfg = Debug|Any CPU
		{6B01ADEE-D7FC-4DB7-A071-E34521D2F414}.Debug|Any CPU.Build.0 = Debug|Any CPU
		{6B01ADEE-D7FC-4DB7-A071-E34521D2F414}.Release|Any CPU.ActiveCfg = Release|Any CPU
		{6B01ADEE-D7FC-4DB7-A071-E34521D2F414}.Release|Any CPU.Build.0 = Release|Any CPU
	EndGlobalSection
	GlobalSection(SolutionProperties) = preSolution
		HideSolutionNode = FALSE
	EndGlobalSection
	GlobalSection(NestedProjects) = preSolution
		{DFE098BC-F003-4D15-BA70-441F04681881} = {A9CC519F-70EC-4F09-9858-63C40E603FEF}
		{94E1FDD5-DC28-48CB-85FC-AFA38D01EA80} = {516A57FD-BBA4-4465-872C-63DED08BD706}
		{E2268AA6-5468-4C9C-804E-5E9863345001} = {516A57FD-BBA4-4465-872C-63DED08BD706}
		{7334F9A9-BFDE-439C-90EC-8132C8E27B1C} = {F90121F9-0AA1-4E1B-ACD8-B21FB07CCFA6}
		{3F3E15C9-6531-4545-8BAA-D0E9C717661E} = {1954359F-4DEE-484B-BFEE-852131EAC6EF}
		{295DC485-C32D-4007-90F9-747400A4E9ED} = {6C49117C-73E6-4FA8-A80D-0BBF4244F0AF}
		{6C49117C-73E6-4FA8-A80D-0BBF4244F0AF} = {1954359F-4DEE-484B-BFEE-852131EAC6EF}
		{6B01ADEE-D7FC-4DB7-A071-E34521D2F414} = {6C49117C-73E6-4FA8-A80D-0BBF4244F0AF}
		{A9CC519F-70EC-4F09-9858-63C40E603FEF} = {1954359F-4DEE-484B-BFEE-852131EAC6EF}
	EndGlobalSection
	GlobalSection(ExtensibilityGlobals) = postSolution
		SolutionGuid = {23BB6DE6-DAC9-4B7B-B480-ED99A8BA5821}
	EndGlobalSection
EndGlobal
